// !$*UTF8*$!
{
	archiveVersion = 1;
	classes = {
	};
	objectVersion = 56;
	objects = {

/* Begin PBXBuildFile section */
		710254E42B3245C900D09F37 /* UserProfile.swift in Sources */ = {isa = PBXBuildFile; fileRef = 710254E32B3245C900D09F37 /* UserProfile.swift */; };
		711188782B0C353D002B9DC8 /* food_tracker_aiApp.swift in Sources */ = {isa = PBXBuildFile; fileRef = 711188772B0C353D002B9DC8 /* food_tracker_aiApp.swift */; };
		7111887A2B0C353D002B9DC8 /* ContentView.swift in Sources */ = {isa = PBXBuildFile; fileRef = 711188792B0C353D002B9DC8 /* ContentView.swift */; };
		7111887E2B0C353E002B9DC8 /* Assets.xcassets in Resources */ = {isa = PBXBuildFile; fileRef = 7111887D2B0C353E002B9DC8 /* Assets.xcassets */; };
		711188812B0C353E002B9DC8 /* Preview Assets.xcassets in Resources */ = {isa = PBXBuildFile; fileRef = 711188802B0C353E002B9DC8 /* Preview Assets.xcassets */; };
		711188882B0C432A002B9DC8 /* Models.swift in Sources */ = {isa = PBXBuildFile; fileRef = 711188872B0C432A002B9DC8 /* Models.swift */; };
		715E5D4E2B26371400F2A9CD /* MealDetail.swift in Sources */ = {isa = PBXBuildFile; fileRef = 715E5D4D2B26371400F2A9CD /* MealDetail.swift */; };
		715E5D502B263A9900F2A9CD /* FoodDetail.swift in Sources */ = {isa = PBXBuildFile; fileRef = 715E5D4F2B263A9900F2A9CD /* FoodDetail.swift */; };
		719E62732B0EA37200D9F6AE /* AddMeal.swift in Sources */ = {isa = PBXBuildFile; fileRef = 719E62722B0EA37200D9F6AE /* AddMeal.swift */; };
		719E62762B0EA7A300D9F6AE /* OpenAIConnect.swift in Sources */ = {isa = PBXBuildFile; fileRef = 719E62752B0EA7A300D9F6AE /* OpenAIConnect.swift */; };
		719E627B2B0EA96900D9F6AE /* .gitignore in Resources */ = {isa = PBXBuildFile; fileRef = 719E627A2B0EA96900D9F6AE /* .gitignore */; };
		719E627E2B0EA9F000D9F6AE /* SwiftDotenv in Frameworks */ = {isa = PBXBuildFile; productRef = 719E627D2B0EA9F000D9F6AE /* SwiftDotenv */; };
		719E62802B0EA9FD00D9F6AE /* .env in Resources */ = {isa = PBXBuildFile; fileRef = 719E627F2B0EA9FD00D9F6AE /* .env */; };
		719E62832B0EAC1900D9F6AE /* OpenAIKit in Frameworks */ = {isa = PBXBuildFile; productRef = 719E62822B0EAC1900D9F6AE /* OpenAIKit */; };
		71BEF65F2B260D17007C8FBC /* Item.swift in Sources */ = {isa = PBXBuildFile; fileRef = 71BEF65E2B260D17007C8FBC /* Item.swift */; };
		EE5EDA612B728BB400ACFFA3 /* .env in Resources */ = {isa = PBXBuildFile; fileRef = EE5EDA602B728BB400ACFFA3 /* .env */; };
/* End PBXBuildFile section */

/* Begin PBXFileReference section */
		710254E32B3245C900D09F37 /* UserProfile.swift */ = {isa = PBXFileReference; lastKnownFileType = sourcecode.swift; path = UserProfile.swift; sourceTree = "<group>"; };
		711188742B0C353D002B9DC8 /* food-tracker-ai.app */ = {isa = PBXFileReference; explicitFileType = wrapper.application; includeInIndex = 0; path = "food-tracker-ai.app"; sourceTree = BUILT_PRODUCTS_DIR; };
		711188772B0C353D002B9DC8 /* food_tracker_aiApp.swift */ = {isa = PBXFileReference; lastKnownFileType = sourcecode.swift; path = food_tracker_aiApp.swift; sourceTree = "<group>"; };
		711188792B0C353D002B9DC8 /* ContentView.swift */ = {isa = PBXFileReference; lastKnownFileType = sourcecode.swift; path = ContentView.swift; sourceTree = "<group>"; };
		7111887D2B0C353E002B9DC8 /* Assets.xcassets */ = {isa = PBXFileReference; lastKnownFileType = folder.assetcatalog; path = Assets.xcassets; sourceTree = "<group>"; };
		711188802B0C353E002B9DC8 /* Preview Assets.xcassets */ = {isa = PBXFileReference; lastKnownFileType = folder.assetcatalog; path = "Preview Assets.xcassets"; sourceTree = "<group>"; };
		711188872B0C432A002B9DC8 /* Models.swift */ = {isa = PBXFileReference; lastKnownFileType = sourcecode.swift; path = Models.swift; sourceTree = "<group>"; };
		715E5D4D2B26371400F2A9CD /* MealDetail.swift */ = {isa = PBXFileReference; lastKnownFileType = sourcecode.swift; path = MealDetail.swift; sourceTree = "<group>"; };
		715E5D4F2B263A9900F2A9CD /* FoodDetail.swift */ = {isa = PBXFileReference; lastKnownFileType = sourcecode.swift; path = FoodDetail.swift; sourceTree = "<group>"; };
		719E62722B0EA37200D9F6AE /* AddMeal.swift */ = {isa = PBXFileReference; lastKnownFileType = sourcecode.swift; path = AddMeal.swift; sourceTree = "<group>"; };
		719E62752B0EA7A300D9F6AE /* OpenAIConnect.swift */ = {isa = PBXFileReference; lastKnownFileType = sourcecode.swift; path = OpenAIConnect.swift; sourceTree = "<group>"; };
		719E627A2B0EA96900D9F6AE /* .gitignore */ = {isa = PBXFileReference; lastKnownFileType = text; path = .gitignore; sourceTree = "<group>"; };
		719E627F2B0EA9FD00D9F6AE /* .env */ = {isa = PBXFileReference; lastKnownFileType = text; path = .env; sourceTree = "<group>"; };
		71BEF65E2B260D17007C8FBC /* Item.swift */ = {isa = PBXFileReference; fileEncoding = 4; lastKnownFileType = sourcecode.swift; path = Item.swift; sourceTree = "<group>"; };
		EE5EDA602B728BB400ACFFA3 /* .env */ = {isa = PBXFileReference; lastKnownFileType = text; path = .env; sourceTree = "<group>"; };
/* End PBXFileReference section */

/* Begin PBXFrameworksBuildPhase section */
		711188712B0C353D002B9DC8 /* Frameworks */ = {
			isa = PBXFrameworksBuildPhase;
			buildActionMask = 2147483647;
			files = (
				719E627E2B0EA9F000D9F6AE /* SwiftDotenv in Frameworks */,
				719E62832B0EAC1900D9F6AE /* OpenAIKit in Frameworks */,
			);
			runOnlyForDeploymentPostprocessing = 0;
		};
/* End PBXFrameworksBuildPhase section */

/* Begin PBXGroup section */
		7111886B2B0C353D002B9DC8 = {
			isa = PBXGroup;
			children = (
				711188762B0C353D002B9DC8 /* food-tracker-ai */,
				711188752B0C353D002B9DC8 /* Products */,
			);
			sourceTree = "<group>";
		};
		711188752B0C353D002B9DC8 /* Products */ = {
			isa = PBXGroup;
			children = (
				711188742B0C353D002B9DC8 /* food-tracker-ai.app */,
			);
			name = Products;
			sourceTree = "<group>";
		};
		711188762B0C353D002B9DC8 /* food-tracker-ai */ = {
			isa = PBXGroup;
			children = (
				71BEF65E2B260D17007C8FBC /* Item.swift */,
				719E627A2B0EA96900D9F6AE /* .gitignore */,
				719E62742B0EA79100D9F6AE /* logic */,
				719E62712B0EA36400D9F6AE /* views */,
				711188772B0C353D002B9DC8 /* food_tracker_aiApp.swift */,
				711188792B0C353D002B9DC8 /* ContentView.swift */,
				7111887D2B0C353E002B9DC8 /* Assets.xcassets */,
				7111887F2B0C353E002B9DC8 /* Preview Content */,
				711188872B0C432A002B9DC8 /* Models.swift */,
				EE5EDA602B728BB400ACFFA3 /* .env */,
			);
			path = "food-tracker-ai";
			sourceTree = "<group>";
		};
		7111887F2B0C353E002B9DC8 /* Preview Content */ = {
			isa = PBXGroup;
			children = (
				711188802B0C353E002B9DC8 /* Preview Assets.xcassets */,
			);
			path = "Preview Content";
			sourceTree = "<group>";
		};
		719E62712B0EA36400D9F6AE /* views */ = {
			isa = PBXGroup;
			children = (
				715E5D4D2B26371400F2A9CD /* MealDetail.swift */,
				719E62722B0EA37200D9F6AE /* AddMeal.swift */,
				715E5D4F2B263A9900F2A9CD /* FoodDetail.swift */,
				710254E32B3245C900D09F37 /* UserProfile.swift */,
			);
			path = views;
			sourceTree = "<group>";
		};
		719E62742B0EA79100D9F6AE /* logic */ = {
			isa = PBXGroup;
			children = (
				719E627F2B0EA9FD00D9F6AE /* .env */,
				719E62752B0EA7A300D9F6AE /* OpenAIConnect.swift */,
			);
			path = logic;
			sourceTree = "<group>";
		};
/* End PBXGroup section */

/* Begin PBXNativeTarget section */
		711188732B0C353D002B9DC8 /* food-tracker-ai */ = {
			isa = PBXNativeTarget;
			buildConfigurationList = 711188842B0C353E002B9DC8 /* Build configuration list for PBXNativeTarget "food-tracker-ai" */;
			buildPhases = (
				711188702B0C353D002B9DC8 /* Sources */,
				711188712B0C353D002B9DC8 /* Frameworks */,
				711188722B0C353D002B9DC8 /* Resources */,
			);
			buildRules = (
			);
			dependencies = (
			);
			name = "food-tracker-ai";
			packageProductDependencies = (
				719E627D2B0EA9F000D9F6AE /* SwiftDotenv */,
				719E62822B0EAC1900D9F6AE /* OpenAIKit */,
			);
			productName = "food-tracker-ai";
			productReference = 711188742B0C353D002B9DC8 /* food-tracker-ai.app */;
			productType = "com.apple.product-type.application";
		};
/* End PBXNativeTarget section */

/* Begin PBXProject section */
		7111886C2B0C353D002B9DC8 /* Project object */ = {
			isa = PBXProject;
			attributes = {
				BuildIndependentTargetsInParallel = 1;
				LastSwiftUpdateCheck = 1500;
				LastUpgradeCheck = 1500;
				TargetAttributes = {
					711188732B0C353D002B9DC8 = {
						CreatedOnToolsVersion = 15.0.1;
					};
				};
			};
			buildConfigurationList = 7111886F2B0C353D002B9DC8 /* Build configuration list for PBXProject "food-tracker-ai" */;
			compatibilityVersion = "Xcode 14.0";
			developmentRegion = en;
			hasScannedForEncodings = 0;
			knownRegions = (
				en,
				Base,
			);
			mainGroup = 7111886B2B0C353D002B9DC8;
			packageReferences = (
				719E627C2B0EA9F000D9F6AE /* XCRemoteSwiftPackageReference "swift-dotenv" */,
				719E62812B0EAC1900D9F6AE /* XCRemoteSwiftPackageReference "openai-kit" */,
			);
			productRefGroup = 711188752B0C353D002B9DC8 /* Products */;
			projectDirPath = "";
			projectRoot = "";
			targets = (
				711188732B0C353D002B9DC8 /* food-tracker-ai */,
			);
		};
/* End PBXProject section */

/* Begin PBXResourcesBuildPhase section */
		711188722B0C353D002B9DC8 /* Resources */ = {
			isa = PBXResourcesBuildPhase;
			buildActionMask = 2147483647;
			files = (
				EE5EDA612B728BB400ACFFA3 /* .env in Resources */,
				711188812B0C353E002B9DC8 /* Preview Assets.xcassets in Resources */,
				719E627B2B0EA96900D9F6AE /* .gitignore in Resources */,
				7111887E2B0C353E002B9DC8 /* Assets.xcassets in Resources */,
				719E62802B0EA9FD00D9F6AE /* .env in Resources */,
			);
			runOnlyForDeploymentPostprocessing = 0;
		};
/* End PBXResourcesBuildPhase section */

/* Begin PBXSourcesBuildPhase section */
		711188702B0C353D002B9DC8 /* Sources */ = {
			isa = PBXSourcesBuildPhase;
			buildActionMask = 2147483647;
			files = (
				7111887A2B0C353D002B9DC8 /* ContentView.swift in Sources */,
				715E5D4E2B26371400F2A9CD /* MealDetail.swift in Sources */,
				719E62762B0EA7A300D9F6AE /* OpenAIConnect.swift in Sources */,
				711188782B0C353D002B9DC8 /* food_tracker_aiApp.swift in Sources */,
				719E62732B0EA37200D9F6AE /* AddMeal.swift in Sources */,
				71BEF65F2B260D17007C8FBC /* Item.swift in Sources */,
				715E5D502B263A9900F2A9CD /* FoodDetail.swift in Sources */,
				711188882B0C432A002B9DC8 /* Models.swift in Sources */,
				710254E42B3245C900D09F37 /* UserProfile.swift in Sources */,
			);
			runOnlyForDeploymentPostprocessing = 0;
		};
/* End PBXSourcesBuildPhase section */

/* Begin XCBuildConfiguration section */
		711188822B0C353E002B9DC8 /* Debug */ = {
			isa = XCBuildConfiguration;
			buildSettings = {
				ALWAYS_SEARCH_USER_PATHS = NO;
				ASSETCATALOG_COMPILER_GENERATE_SWIFT_ASSET_SYMBOL_EXTENSIONS = YES;
				CLANG_ANALYZER_NONNULL = YES;
				CLANG_ANALYZER_NUMBER_OBJECT_CONVERSION = YES_AGGRESSIVE;
				CLANG_CXX_LANGUAGE_STANDARD = "gnu++20";
				CLANG_ENABLE_MODULES = YES;
				CLANG_ENABLE_OBJC_ARC = YES;
				CLANG_ENABLE_OBJC_WEAK = YES;
				CLANG_WARN_BLOCK_CAPTURE_AUTORELEASING = YES;
				CLANG_WARN_BOOL_CONVERSION = YES;
				CLANG_WARN_COMMA = YES;
				CLANG_WARN_CONSTANT_CONVERSION = YES;
				CLANG_WARN_DEPRECATED_OBJC_IMPLEMENTATIONS = YES;
				CLANG_WARN_DIRECT_OBJC_ISA_USAGE = YES_ERROR;
				CLANG_WARN_DOCUMENTATION_COMMENTS = YES;
				CLANG_WARN_EMPTY_BODY = YES;
				CLANG_WARN_ENUM_CONVERSION = YES;
				CLANG_WARN_INFINITE_RECURSION = YES;
				CLANG_WARN_INT_CONVERSION = YES;
				CLANG_WARN_NON_LITERAL_NULL_CONVERSION = YES;
				CLANG_WARN_OBJC_IMPLICIT_RETAIN_SELF = YES;
				CLANG_WARN_OBJC_LITERAL_CONVERSION = YES;
				CLANG_WARN_OBJC_ROOT_CLASS = YES_ERROR;
				CLANG_WARN_QUOTED_INCLUDE_IN_FRAMEWORK_HEADER = YES;
				CLANG_WARN_RANGE_LOOP_ANALYSIS = YES;
				CLANG_WARN_STRICT_PROTOTYPES = YES;
				CLANG_WARN_SUSPICIOUS_MOVE = YES;
				CLANG_WARN_UNGUARDED_AVAILABILITY = YES_AGGRESSIVE;
				CLANG_WARN_UNREACHABLE_CODE = YES;
				CLANG_WARN__DUPLICATE_METHOD_MATCH = YES;
				COPY_PHASE_STRIP = NO;
				DEBUG_INFORMATION_FORMAT = dwarf;
				ENABLE_STRICT_OBJC_MSGSEND = YES;
				ENABLE_TESTABILITY = YES;
				ENABLE_USER_SCRIPT_SANDBOXING = YES;
				GCC_C_LANGUAGE_STANDARD = gnu17;
				GCC_DYNAMIC_NO_PIC = NO;
				GCC_NO_COMMON_BLOCKS = YES;
				GCC_OPTIMIZATION_LEVEL = 0;
				GCC_PREPROCESSOR_DEFINITIONS = (
					"DEBUG=1",
					"$(inherited)",
				);
				GCC_WARN_64_TO_32_BIT_CONVERSION = YES;
				GCC_WARN_ABOUT_RETURN_TYPE = YES_ERROR;
				GCC_WARN_UNDECLARED_SELECTOR = YES;
				GCC_WARN_UNINITIALIZED_AUTOS = YES_AGGRESSIVE;
				GCC_WARN_UNUSED_FUNCTION = YES;
				GCC_WARN_UNUSED_VARIABLE = YES;
				IPHONEOS_DEPLOYMENT_TARGET = 17.0;
				LOCALIZATION_PREFERS_STRING_CATALOGS = YES;
				MTL_ENABLE_DEBUG_INFO = INCLUDE_SOURCE;
				MTL_FAST_MATH = YES;
				ONLY_ACTIVE_ARCH = YES;
				SDKROOT = iphoneos;
				SWIFT_ACTIVE_COMPILATION_CONDITIONS = "DEBUG $(inherited)";
				SWIFT_OPTIMIZATION_LEVEL = "-Onone";
			};
			name = Debug;
		};
		711188832B0C353E002B9DC8 /* Release */ = {
			isa = XCBuildConfiguration;
			buildSettings = {
				ALWAYS_SEARCH_USER_PATHS = NO;
				ASSETCATALOG_COMPILER_GENERATE_SWIFT_ASSET_SYMBOL_EXTENSIONS = YES;
				CLANG_ANALYZER_NONNULL = YES;
				CLANG_ANALYZER_NUMBER_OBJECT_CONVERSION = YES_AGGRESSIVE;
				CLANG_CXX_LANGUAGE_STANDARD = "gnu++20";
				CLANG_ENABLE_MODULES = YES;
				CLANG_ENABLE_OBJC_ARC = YES;
				CLANG_ENABLE_OBJC_WEAK = YES;
				CLANG_WARN_BLOCK_CAPTURE_AUTORELEASING = YES;
				CLANG_WARN_BOOL_CONVERSION = YES;
				CLANG_WARN_COMMA = YES;
				CLANG_WARN_CONSTANT_CONVERSION = YES;
				CLANG_WARN_DEPRECATED_OBJC_IMPLEMENTATIONS = YES;
				CLANG_WARN_DIRECT_OBJC_ISA_USAGE = YES_ERROR;
				CLANG_WARN_DOCUMENTATION_COMMENTS = YES;
				CLANG_WARN_EMPTY_BODY = YES;
				CLANG_WARN_ENUM_CONVERSION = YES;
				CLANG_WARN_INFINITE_RECURSION = YES;
				CLANG_WARN_INT_CONVERSION = YES;
				CLANG_WARN_NON_LITERAL_NULL_CONVERSION = YES;
				CLANG_WARN_OBJC_IMPLICIT_RETAIN_SELF = YES;
				CLANG_WARN_OBJC_LITERAL_CONVERSION = YES;
				CLANG_WARN_OBJC_ROOT_CLASS = YES_ERROR;
				CLANG_WARN_QUOTED_INCLUDE_IN_FRAMEWORK_HEADER = YES;
				CLANG_WARN_RANGE_LOOP_ANALYSIS = YES;
				CLANG_WARN_STRICT_PROTOTYPES = YES;
				CLANG_WARN_SUSPICIOUS_MOVE = YES;
				CLANG_WARN_UNGUARDED_AVAILABILITY = YES_AGGRESSIVE;
				CLANG_WARN_UNREACHABLE_CODE = YES;
				CLANG_WARN__DUPLICATE_METHOD_MATCH = YES;
				COPY_PHASE_STRIP = NO;
				DEBUG_INFORMATION_FORMAT = "dwarf-with-dsym";
				ENABLE_NS_ASSERTIONS = NO;
				ENABLE_STRICT_OBJC_MSGSEND = YES;
				ENABLE_USER_SCRIPT_SANDBOXING = YES;
				GCC_C_LANGUAGE_STANDARD = gnu17;
				GCC_NO_COMMON_BLOCKS = YES;
				GCC_WARN_64_TO_32_BIT_CONVERSION = YES;
				GCC_WARN_ABOUT_RETURN_TYPE = YES_ERROR;
				GCC_WARN_UNDECLARED_SELECTOR = YES;
				GCC_WARN_UNINITIALIZED_AUTOS = YES_AGGRESSIVE;
				GCC_WARN_UNUSED_FUNCTION = YES;
				GCC_WARN_UNUSED_VARIABLE = YES;
				IPHONEOS_DEPLOYMENT_TARGET = 17.0;
				LOCALIZATION_PREFERS_STRING_CATALOGS = YES;
				MTL_ENABLE_DEBUG_INFO = NO;
				MTL_FAST_MATH = YES;
				SDKROOT = iphoneos;
				SWIFT_COMPILATION_MODE = wholemodule;
				VALIDATE_PRODUCT = YES;
			};
			name = Release;
		};
		711188852B0C353E002B9DC8 /* Debug */ = {
			isa = XCBuildConfiguration;
			buildSettings = {
				ASSETCATALOG_COMPILER_APPICON_NAME = AppIcon;
				ASSETCATALOG_COMPILER_GLOBAL_ACCENT_COLOR_NAME = AccentColor;
				CODE_SIGN_STYLE = Automatic;
				CURRENT_PROJECT_VERSION = 1;
				DEVELOPMENT_ASSET_PATHS = "\"food-tracker-ai/Preview Content\"";
				DEVELOPMENT_TEAM = B48PYTDTPY;
				ENABLE_PREVIEWS = YES;
				GENERATE_INFOPLIST_FILE = YES;
				INFOPLIST_KEY_UIApplicationSceneManifest_Generation = YES;
				INFOPLIST_KEY_UIApplicationSupportsIndirectInputEvents = YES;
				INFOPLIST_KEY_UILaunchScreen_Generation = YES;
				INFOPLIST_KEY_UISupportedInterfaceOrientations_iPad = "UIInterfaceOrientationPortrait UIInterfaceOrientationPortraitUpsideDown UIInterfaceOrientationLandscapeLeft UIInterfaceOrientationLandscapeRight";
				INFOPLIST_KEY_UISupportedInterfaceOrientations_iPhone = "UIInterfaceOrientationPortrait UIInterfaceOrientationLandscapeLeft UIInterfaceOrientationLandscapeRight";
				LD_RUNPATH_SEARCH_PATHS = (
					"$(inherited)",
					"@executable_path/Frameworks",
				);
				MARKETING_VERSION = 1.0;
				PRODUCT_BUNDLE_IDENTIFIER = "food-ai.food-tracker-ai";
				PRODUCT_NAME = "$(TARGET_NAME)";
				SUPPORTED_PLATFORMS = "iphoneos iphonesimulator";
				SUPPORTS_MACCATALYST = NO;
				SUPPORTS_MAC_DESIGNED_FOR_IPHONE_IPAD = NO;
				SWIFT_EMIT_LOC_STRINGS = YES;
				SWIFT_VERSION = 5.0;
				TARGETED_DEVICE_FAMILY = "1,2";
			};
			name = Debug;
		};
		711188862B0C353E002B9DC8 /* Release */ = {
			isa = XCBuildConfiguration;
			buildSettings = {
				ASSETCATALOG_COMPILER_APPICON_NAME = AppIcon;
				ASSETCATALOG_COMPILER_GLOBAL_ACCENT_COLOR_NAME = AccentColor;
				CODE_SIGN_STYLE = Automatic;
				CURRENT_PROJECT_VERSION = 1;
				DEVELOPMENT_ASSET_PATHS = "\"food-tracker-ai/Preview Content\"";
				DEVELOPMENT_TEAM = B48PYTDTPY;
				ENABLE_PREVIEWS = YES;
				GENERATE_INFOPLIST_FILE = YES;
				INFOPLIST_KEY_UIApplicationSceneManifest_Generation = YES;
				INFOPLIST_KEY_UIApplicationSupportsIndirectInputEvents = YES;
				INFOPLIST_KEY_UILaunchScreen_Generation = YES;
				INFOPLIST_KEY_UISupportedInterfaceOrientations_iPad = "UIInterfaceOrientationPortrait UIInterfaceOrientationPortraitUpsideDown UIInterfaceOrientationLandscapeLeft UIInterfaceOrientationLandscapeRight";
				INFOPLIST_KEY_UISupportedInterfaceOrientations_iPhone = "UIInterfaceOrientationPortrait UIInterfaceOrientationLandscapeLeft UIInterfaceOrientationLandscapeRight";
				LD_RUNPATH_SEARCH_PATHS = (
					"$(inherited)",
					"@executable_path/Frameworks",
				);
				MARKETING_VERSION = 1.0;
				PRODUCT_BUNDLE_IDENTIFIER = "food-ai.food-tracker-ai";
				PRODUCT_NAME = "$(TARGET_NAME)";
				SUPPORTED_PLATFORMS = "iphoneos iphonesimulator";
				SUPPORTS_MACCATALYST = NO;
				SUPPORTS_MAC_DESIGNED_FOR_IPHONE_IPAD = NO;
				SWIFT_EMIT_LOC_STRINGS = YES;
				SWIFT_VERSION = 5.0;
				TARGETED_DEVICE_FAMILY = "1,2";
			};
			name = Release;
		};
/* End XCBuildConfiguration section */

/* Begin XCConfigurationList section */
		7111886F2B0C353D002B9DC8 /* Build configuration list for PBXProject "food-tracker-ai" */ = {
			isa = XCConfigurationList;
			buildConfigurations = (
				711188822B0C353E002B9DC8 /* Debug */,
				711188832B0C353E002B9DC8 /* Release */,
			);
			defaultConfigurationIsVisible = 0;
			defaultConfigurationName = Release;
		};
		711188842B0C353E002B9DC8 /* Build configuration list for PBXNativeTarget "food-tracker-ai" */ = {
			isa = XCConfigurationList;
			buildConfigurations = (
				711188852B0C353E002B9DC8 /* Debug */,
				711188862B0C353E002B9DC8 /* Release */,
			);
			defaultConfigurationIsVisible = 0;
			defaultConfigurationName = Release;
		};
/* End XCConfigurationList section */

/* Begin XCRemoteSwiftPackageReference section */
		719E627C2B0EA9F000D9F6AE /* XCRemoteSwiftPackageReference "swift-dotenv" */ = {
			isa = XCRemoteSwiftPackageReference;
			repositoryURL = "https://github.com/thebarndog/swift-dotenv";
			requirement = {
				kind = upToNextMajorVersion;
				minimumVersion = 2.0.0;
			};
		};
		719E62812B0EAC1900D9F6AE /* XCRemoteSwiftPackageReference "openai-kit" */ = {
			isa = XCRemoteSwiftPackageReference;
			repositoryURL = "https://github.com/dylanshine/openai-kit";
			requirement = {
				kind = upToNextMajorVersion;
				minimumVersion = 1.8.2;
			};
		};
/* End XCRemoteSwiftPackageReference section */

/* Begin XCSwiftPackageProductDependency section */
		719E627D2B0EA9F000D9F6AE /* SwiftDotenv */ = {
			isa = XCSwiftPackageProductDependency;
			package = 719E627C2B0EA9F000D9F6AE /* XCRemoteSwiftPackageReference "swift-dotenv" */;
			productName = SwiftDotenv;
		};
		719E62822B0EAC1900D9F6AE /* OpenAIKit */ = {
			isa = XCSwiftPackageProductDependency;
			package = 719E62812B0EAC1900D9F6AE /* XCRemoteSwiftPackageReference "openai-kit" */;
			productName = OpenAIKit;
		};
/* End XCSwiftPackageProductDependency section */
	};
	rootObject = 7111886C2B0C353D002B9DC8 /* Project object */;
}
